
Microsoft Visual Studio Solution File, Format Version 12.00
# Visual Studio Version 16
VisualStudioVersion = 16.0.30204.135
MinimumVisualStudioVersion = 10.0.40219.1
Project("{FAE04EC0-301F-11D3-BF4B-00C04F79EFBC}") = "chart", "chart\chart.csproj", "{7F50E908-AE86-4114-BED4-2346CCD03913}"
EndProject
Global
	GlobalSection(SolutionConfigurationPlatforms) = preSolution
		Debug|Any CPU = Debug|Any CPU
		Release|Any CPU = Release|Any CPU
	EndGlobalSection
	GlobalSection(ProjectConfigurationPlatforms) = postSolution
		{7F50E908-AE86-4114-BED4-2346CCD03913}.Debug|Any CPU.ActiveCfg = Release|Any CPU
		{7F50E908-AE86-4114-BED4-2346CCD03913}.Debug|Any CPU.Build.0 = Release|Any CPU
		{7F50E908-AE86-4114-BED4-2346CCD03913}.Release|Any CPU.ActiveCfg = Release|Any CPU
		{7F50E908-AE86-4114-BED4-2346CCD03913}.Release|Any CPU.Build.0 = Release|Any CPU
	EndGlobalSection
	GlobalSection(SolutionProperties) = preSolution
		HideSolutionNode = FALSE
	EndGlobalSection
	GlobalSection(ExtensibilityGlobals) = postSolution
		SolutionGuid = {09F5F635-A88F-4D13-9AF1-1EEBE6A64629}
	EndGlobalSection
EndGlobal
