
Microsoft Visual Studio Solution File, Format Version 12.00
# Visual Studio Version 16
VisualStudioVersion = 16.0.30204.135
MinimumVisualStudioVersion = 10.0.40219.1
Project("{FAE04EC0-301F-11D3-BF4B-00C04F79EFBC}") = "formtest", "formtest\formtest.csproj", "{170523CF-D497-4907-9FF2-FCDFEC5C1830}"
EndProject
Global
	GlobalSection(SolutionConfigurationPlatforms) = preSolution
		Debug|Any CPU = Debug|Any CPU
		Release|Any CPU = Release|Any CPU
	EndGlobalSection
	GlobalSection(ProjectConfigurationPlatforms) = postSolution
		{170523CF-D497-4907-9FF2-FCDFEC5C1830}.Debug|Any CPU.ActiveCfg = Debug|Any CPU
		{170523CF-D497-4907-9FF2-FCDFEC5C1830}.Debug|Any CPU.Build.0 = Debug|Any CPU
		{170523CF-D497-4907-9FF2-FCDFEC5C1830}.Release|Any CPU.ActiveCfg = Release|Any CPU
		{170523CF-D497-4907-9FF2-FCDFEC5C1830}.Release|Any CPU.Build.0 = Release|Any CPU
	EndGlobalSection
	GlobalSection(SolutionProperties) = preSolution
		HideSolutionNode = FALSE
	EndGlobalSection
	GlobalSection(ExtensibilityGlobals) = postSolution
		SolutionGuid = {FF99B424-756A-4516-A062-95BA448E6638}
	EndGlobalSection
EndGlobal
