
Microsoft Visual Studio Solution File, Format Version 12.00
# Visual Studio Version 16
VisualStudioVersion = 16.0.30204.135
MinimumVisualStudioVersion = 10.0.40219.1
Project("{FAE04EC0-301F-11D3-BF4B-00C04F79EFBC}") = "Test", "Test\Test.csproj", "{66EB79FA-BC52-441E-B7B2-91DFBB8BBF7A}"
EndProject
Global
	GlobalSection(SolutionConfigurationPlatforms) = preSolution
		Debug|Any CPU = Debug|Any CPU
		Release|Any CPU = Release|Any CPU
	EndGlobalSection
	GlobalSection(ProjectConfigurationPlatforms) = postSolution
		{66EB79FA-BC52-441E-B7B2-91DFBB8BBF7A}.Debug|Any CPU.ActiveCfg = Debug|Any CPU
		{66EB79FA-BC52-441E-B7B2-91DFBB8BBF7A}.Debug|Any CPU.Build.0 = Debug|Any CPU
		{66EB79FA-BC52-441E-B7B2-91DFBB8BBF7A}.Release|Any CPU.ActiveCfg = Release|Any CPU
		{66EB79FA-BC52-441E-B7B2-91DFBB8BBF7A}.Release|Any CPU.Build.0 = Release|Any CPU
	EndGlobalSection
	GlobalSection(SolutionProperties) = preSolution
		HideSolutionNode = FALSE
	EndGlobalSection
	GlobalSection(ExtensibilityGlobals) = postSolution
		SolutionGuid = {567C48BF-4660-445B-8ED1-18178D83F58E}
	EndGlobalSection
EndGlobal
